
Microsoft Visual Studio Solution File, Format Version 12.00
# Visual Studio Version 16
VisualStudioVersion = 16.0.30907.101
MinimumVisualStudioVersion = 10.0.40219.1
Project("{FAE04EC0-301F-11D3-BF4B-00C04F79EFBC}") = "Tariff", "Tariff\Tariff.csproj", "{1478998D-9137-4CB7-BF04-ED2408A5595B}"
EndProject
Global
	GlobalSection(SolutionConfigurationPlatforms) = preSolution
		Debug|Any CPU = Debug|Any CPU
		Release|Any CPU = Release|Any CPU
	EndGlobalSection
	GlobalSection(ProjectConfigurationPlatforms) = postSolution
		{1478998D-9137-4CB7-BF04-ED2408A5595B}.Debug|Any CPU.ActiveCfg = Debug|Any CPU
		{1478998D-9137-4CB7-BF04-ED2408A5595B}.Debug|Any CPU.Build.0 = Debug|Any CPU
		{1478998D-9137-4CB7-BF04-ED2408A5595B}.Release|Any CPU.ActiveCfg = Release|Any CPU
		{1478998D-9137-4CB7-BF04-ED2408A5595B}.Release|Any CPU.Build.0 = Release|Any CPU
	EndGlobalSection
	GlobalSection(SolutionProperties) = preSolution
		HideSolutionNode = FALSE
	EndGlobalSection
	GlobalSection(ExtensibilityGlobals) = postSolution
		SolutionGuid = {CB440815-A7D6-47EC-9101-1B906195017F}
	EndGlobalSection
EndGlobal
